
Microsoft Visual Studio Solution File, Format Version 12.00
# Visual Studio Version 16
VisualStudioVersion = 16.0.29519.87
MinimumVisualStudioVersion = 10.0.40219.1
Project("{FAE04EC0-301F-11D3-BF4B-00C04F79EFBC}") = "CentralModule", "CentralModule.csproj", "{6853BF2C-85B5-4AB5-8D03-C1C85EAE0412}"
EndProject
Global
	GlobalSection(SolutionConfigurationPlatforms) = preSolution
		Debug|Any CPU = Debug|Any CPU
		Release|Any CPU = Release|Any CPU
	EndGlobalSection
	GlobalSection(ProjectConfigurationPlatforms) = postSolution
		{6853BF2C-85B5-4AB5-8D03-C1C85EAE0412}.Debug|Any CPU.ActiveCfg = Debug|Any CPU
		{6853BF2C-85B5-4AB5-8D03-C1C85EAE0412}.Debug|Any CPU.Build.0 = Debug|Any CPU
		{6853BF2C-85B5-4AB5-8D03-C1C85EAE0412}.Release|Any CPU.ActiveCfg = Release|Any CPU
		{6853BF2C-85B5-4AB5-8D03-C1C85EAE0412}.Release|Any CPU.Build.0 = Release|Any CPU
	EndGlobalSection
	GlobalSection(SolutionProperties) = preSolution
		HideSolutionNode = FALSE
	EndGlobalSection
	GlobalSection(ExtensibilityGlobals) = postSolution
		SolutionGuid = {437E1A25-DB1E-4807-AF26-CA59F51F7B65}
	EndGlobalSection
EndGlobal
